// !$*UTF8*$!
{
	archiveVersion = 1;
	classes = {
	};
	objectVersion = 46;
	objects = {

/* Begin PBXFileReference section */
		2D20742218749F9B003E16A9 /* main.css */ = {isa = PBXFileReference; lastKnownFileType = text.css; path = main.css; sourceTree = "<group>"; xcLanguageSpecificationIdentifier = xcode.lang.css; };
		2D20742318749F9B003E16A9 /* media_queries.css */ = {isa = PBXFileReference; lastKnownFileType = text.css; path = media_queries.css; sourceTree = "<group>"; xcLanguageSpecificationIdentifier = xcode.lang.css; };
		2D20742418749F9B003E16A9 /* typography.css */ = {isa = PBXFileReference; lastKnownFileType = text.css; path = typography.css; sourceTree = "<group>"; xcLanguageSpecificationIdentifier = xcode.lang.css; };
		2D20746918749F9B003E16A9 /* index.html */ = {isa = PBXFileReference; lastKnownFileType = text.html; path = index.html; sourceTree = "<group>"; };
		2D5B7C63186E2A310067915B /* README.md */ = {isa = PBXFileReference; lastKnownFileType = text; path = README.md; sourceTree = "<group>"; };
		2DC90B001BA62FEF002B8E2C /* privacy */ = {isa = PBXFileReference; lastKnownFileType = text; path = privacy; sourceTree = "<group>"; xcLanguageSpecificationIdentifier = xcode.lang.html; };
/* End PBXFileReference section */

/* Begin PBXGroup section */
		2D20742018749F9B003E16A9 /* www */ = {
			isa = PBXGroup;
			children = (
				2D20742118749F9B003E16A9 /* css */,
				2D20746A18749F9B003E16A9 /* js */,
				2D20746918749F9B003E16A9 /* index.html */,
				2DC90B001BA62FEF002B8E2C /* privacy */,
			);
			path = www;
			sourceTree = "<group>";
		};
		2D20742118749F9B003E16A9 /* css */ = {
			isa = PBXGroup;
			children = (
				2D20742218749F9B003E16A9 /* main.css */,
				2D20742318749F9B003E16A9 /* media_queries.css */,
				2D20742418749F9B003E16A9 /* typography.css */,
			);
			path = css;
			sourceTree = "<group>";
		};
		2D20746A18749F9B003E16A9 /* js */ = {
			isa = PBXGroup;
			children = (
			);
			path = js;
			sourceTree = "<group>";
		};
		2D5B7C55186E28C20067915B = {
			isa = PBXGroup;
			children = (
				2D5B7C63186E2A310067915B /* README.md */,
				2D20742018749F9B003E16A9 /* www */,
			);
			sourceTree = "<group>";
		};
/* End PBXGroup section */

/* Begin PBXProject section */
		2D5B7C56186E28C20067915B /* Project object */ = {
			isa = PBXProject;
			attributes = {
				LastUpgradeCheck = 0500;
			};
			buildConfigurationList = 2D5B7C59186E28C20067915B /* Build configuration list for PBXProject "cortex-static" */;
			compatibilityVersion = "Xcode 3.2";
			developmentRegion = English;
			hasScannedForEncodings = 0;
			knownRegions = (
				en,
			);
			mainGroup = 2D5B7C55186E28C20067915B;
			projectDirPath = "";
			projectRoot = "";
			targets = (
			);
		};
/* End PBXProject section */

/* Begin XCBuildConfiguration section */
		2D5B7C5A186E28C20067915B /* Debug */ = {
			isa = XCBuildConfiguration;
			buildSettings = {
			};
			name = Debug;
		};
		2D5B7C5B186E28C20067915B /* Release */ = {
			isa = XCBuildConfiguration;
			buildSettings = {
			};
			name = Release;
		};
/* End XCBuildConfiguration section */

/* Begin XCConfigurationList section */
		2D5B7C59186E28C20067915B /* Build configuration list for PBXProject "cortex-static" */ = {
			isa = XCConfigurationList;
			buildConfigurations = (
				2D5B7C5A186E28C20067915B /* Debug */,
				2D5B7C5B186E28C20067915B /* Release */,
			);
			defaultConfigurationIsVisible = 0;
			defaultConfigurationName = Release;
		};
/* End XCConfigurationList section */
	};
	rootObject = 2D5B7C56186E28C20067915B /* Project object */;
}
