// !$*UTF8*$!
{
	archiveVersion = 1;
	classes = {
	};
	objectVersion = 46;
	objects = {

/* Begin PBXFileReference section */
		2D5B7C60186E2A2A0067915B /* index.html */ = {isa = PBXFileReference; lastKnownFileType = text.html; path = index.html; sourceTree = "<group>"; };
		2D5B7C62186E2A2A0067915B /* index.js */ = {isa = PBXFileReference; lastKnownFileType = sourcecode.javascript; path = index.js; sourceTree = "<group>"; };
		2D5B7C63186E2A310067915B /* README.md */ = {isa = PBXFileReference; lastKnownFileType = text; path = README.md; sourceTree = "<group>"; };
		2D5B7C64186E2DB70067915B /* index */ = {isa = PBXFileReference; lastKnownFileType = text; path = index; sourceTree = "<group>"; };
		2D5B7C65186E357F0067915B /* index.less */ = {isa = PBXFileReference; lastKnownFileType = text; path = index.less; sourceTree = "<group>"; xcLanguageSpecificationIdentifier = xcode.lang.css; };
/* End PBXFileReference section */

/* Begin PBXGroup section */
		2D5B7C55186E28C20067915B = {
			isa = PBXGroup;
			children = (
				2D5B7C63186E2A310067915B /* README.md */,
				2D5B7C5C186E2A2A0067915B /* www */,
			);
			sourceTree = "<group>";
		};
		2D5B7C5C186E2A2A0067915B /* www */ = {
			isa = PBXGroup;
			children = (
				2D5B7C5F186E2A2A0067915B /* images */,
				2D5B7C61186E2A2A0067915B /* js */,
				2D5B7C5D186E2A2A0067915B /* css */,
				2D5B7C60186E2A2A0067915B /* index.html */,
				2D5B7C64186E2DB70067915B /* index */,
			);
			path = www;
			sourceTree = "<group>";
		};
		2D5B7C5D186E2A2A0067915B /* css */ = {
			isa = PBXGroup;
			children = (
				2D5B7C65186E357F0067915B /* index.less */,
			);
			path = css;
			sourceTree = "<group>";
		};
		2D5B7C5F186E2A2A0067915B /* images */ = {
			isa = PBXGroup;
			children = (
			);
			path = images;
			sourceTree = "<group>";
		};
		2D5B7C61186E2A2A0067915B /* js */ = {
			isa = PBXGroup;
			children = (
				2D5B7C62186E2A2A0067915B /* index.js */,
			);
			path = js;
			sourceTree = "<group>";
		};
/* End PBXGroup section */

/* Begin PBXProject section */
		2D5B7C56186E28C20067915B /* Project object */ = {
			isa = PBXProject;
			attributes = {
				LastUpgradeCheck = 0500;
			};
			buildConfigurationList = 2D5B7C59186E28C20067915B /* Build configuration list for PBXProject "cortex-static" */;
			compatibilityVersion = "Xcode 3.2";
			developmentRegion = English;
			hasScannedForEncodings = 0;
			knownRegions = (
				en,
			);
			mainGroup = 2D5B7C55186E28C20067915B;
			projectDirPath = "";
			projectRoot = "";
			targets = (
			);
		};
/* End PBXProject section */

/* Begin XCBuildConfiguration section */
		2D5B7C5A186E28C20067915B /* Debug */ = {
			isa = XCBuildConfiguration;
			buildSettings = {
			};
			name = Debug;
		};
		2D5B7C5B186E28C20067915B /* Release */ = {
			isa = XCBuildConfiguration;
			buildSettings = {
			};
			name = Release;
		};
/* End XCBuildConfiguration section */

/* Begin XCConfigurationList section */
		2D5B7C59186E28C20067915B /* Build configuration list for PBXProject "cortex-static" */ = {
			isa = XCConfigurationList;
			buildConfigurations = (
				2D5B7C5A186E28C20067915B /* Debug */,
				2D5B7C5B186E28C20067915B /* Release */,
			);
			defaultConfigurationIsVisible = 0;
			defaultConfigurationName = Release;
		};
/* End XCConfigurationList section */
	};
	rootObject = 2D5B7C56186E28C20067915B /* Project object */;
}
